
Microsoft Visual Studio Solution File, Format Version 12.00
# Visual Studio Version 17
VisualStudioVersion = 17.0.31903.59
MinimumVisualStudioVersion = 10.0.40219.1
Project("{2150E333-8FDC-42A3-9474-1A3956D46DE8}") = "src", "src", "{827E0CD3-B72D-47B6-A68D-7590B98EB39B}"
EndProject
Project("{FAE04EC0-301F-11D3-BF4B-00C04F79EFBC}") = "SuperDevFact.Domain", "src\SuperDevFact.Domain\SuperDevFact.Domain.csproj", "{36372D81-8EC8-483E-85AE-0921004DA860}"
EndProject
Project("{FAE04EC0-301F-11D3-BF4B-00C04F79EFBC}") = "SuperDevFact.Application", "src\SuperDevFact.Application\SuperDevFact.Application.csproj", "{1E02401E-9946-47B1-AD58-B4B5B0475862}"
EndProject
Project("{FAE04EC0-301F-11D3-BF4B-00C04F79EFBC}") = "SuperDevFact.Infrastructure", "src\SuperDevFact.Infrastructure\SuperDevFact.Infrastructure.csproj", "{8EC122DA-A1D9-4FDD-998C-1DF6B34EC255}"
EndProject
Project("{FAE04EC0-301F-11D3-BF4B-00C04F79EFBC}") = "SuperDevFact.Domain.Tests", "tests\SuperDevFact.Domain.Tests\SuperDevFact.Domain.Tests.csproj", "{E075B703-E9BE-4505-8585-A41F8C0B648E}"
EndProject
Project("{FAE04EC0-301F-11D3-BF4B-00C04F79EFBC}") = "SuperDevFact.Application.Tests", "tests\SuperDevFact.Application.Tests\SuperDevFact.Application.Tests.csproj", "{B4BFCD13-9307-4A16-A469-D92C7EA40CD8}"
EndProject
Project("{FAE04EC0-301F-11D3-BF4B-00C04F79EFBC}") = "SuperDevFact.IntegrationTests", "tests\SuperDevFact.IntegrationTests\SuperDevFact.IntegrationTests.csproj", "{187E70EF-3F14-4C36-821C-87DAF28669B5}"
EndProject
Project("{FAE04EC0-301F-11D3-BF4B-00C04F79EFBC}") = "SuperDevFact.Api", "src\SuperDevFact.Api\SuperDevFact.Api.csproj", "{998709E2-1AD7-4BE6-8A28-2F4D86F2644B}"
EndProject
Project("{FAE04EC0-301F-11D3-BF4B-00C04F79EFBC}") = "SuperDevFact.Shell", "src\SuperDevFact.Shell\SuperDevFact.Shell.csproj", "{B6B62416-6F09-4FA5-A5B0-ADF07E60F88B}"
EndProject
Global
	GlobalSection(SolutionConfigurationPlatforms) = preSolution
		Debug|Any CPU = Debug|Any CPU
		Debug|x64 = Debug|x64
		Debug|x86 = Debug|x86
		Release|Any CPU = Release|Any CPU
		Release|x64 = Release|x64
		Release|x86 = Release|x86
	EndGlobalSection
	GlobalSection(ProjectConfigurationPlatforms) = postSolution
		{36372D81-8EC8-483E-85AE-0921004DA860}.Debug|Any CPU.ActiveCfg = Debug|Any CPU
		{36372D81-8EC8-483E-85AE-0921004DA860}.Debug|Any CPU.Build.0 = Debug|Any CPU
		{36372D81-8EC8-483E-85AE-0921004DA860}.Debug|x64.ActiveCfg = Debug|Any CPU
		{36372D81-8EC8-483E-85AE-0921004DA860}.Debug|x64.Build.0 = Debug|Any CPU
		{36372D81-8EC8-483E-85AE-0921004DA860}.Debug|x86.ActiveCfg = Debug|Any CPU
		{36372D81-8EC8-483E-85AE-0921004DA860}.Debug|x86.Build.0 = Debug|Any CPU
		{36372D81-8EC8-483E-85AE-0921004DA860}.Release|Any CPU.ActiveCfg = Release|Any CPU
		{36372D81-8EC8-483E-85AE-0921004DA860}.Release|Any CPU.Build.0 = Release|Any CPU
		{36372D81-8EC8-483E-85AE-0921004DA860}.Release|x64.ActiveCfg = Release|Any CPU
		{36372D81-8EC8-483E-85AE-0921004DA860}.Release|x64.Build.0 = Release|Any CPU
		{36372D81-8EC8-483E-85AE-0921004DA860}.Release|x86.ActiveCfg = Release|Any CPU
		{36372D81-8EC8-483E-85AE-0921004DA860}.Release|x86.Build.0 = Release|Any CPU
		{1E02401E-9946-47B1-AD58-B4B5B0475862}.Debug|Any CPU.ActiveCfg = Debug|Any CPU
		{1E02401E-9946-47B1-AD58-B4B5B0475862}.Debug|Any CPU.Build.0 = Debug|Any CPU
		{1E02401E-9946-47B1-AD58-B4B5B0475862}.Debug|x64.ActiveCfg = Debug|Any CPU
		{1E02401E-9946-47B1-AD58-B4B5B0475862}.Debug|x64.Build.0 = Debug|Any CPU
		{1E02401E-9946-47B1-AD58-B4B5B0475862}.Debug|x86.ActiveCfg = Debug|Any CPU
		{1E02401E-9946-47B1-AD58-B4B5B0475862}.Debug|x86.Build.0 = Debug|Any CPU
		{1E02401E-9946-47B1-AD58-B4B5B0475862}.Release|Any CPU.ActiveCfg = Release|Any CPU
		{1E02401E-9946-47B1-AD58-B4B5B0475862}.Release|Any CPU.Build.0 = Release|Any CPU
		{1E02401E-9946-47B1-AD58-B4B5B0475862}.Release|x64.ActiveCfg = Release|Any CPU
		{1E02401E-9946-47B1-AD58-B4B5B0475862}.Release|x64.Build.0 = Release|Any CPU
		{1E02401E-9946-47B1-AD58-B4B5B0475862}.Release|x86.ActiveCfg = Release|Any CPU
		{1E02401E-9946-47B1-AD58-B4B5B0475862}.Release|x86.Build.0 = Release|Any CPU
		{8EC122DA-A1D9-4FDD-998C-1DF6B34EC255}.Debug|Any CPU.ActiveCfg = Debug|Any CPU
		{8EC122DA-A1D9-4FDD-998C-1DF6B34EC255}.Debug|Any CPU.Build.0 = Debug|Any CPU
		{8EC122DA-A1D9-4FDD-998C-1DF6B34EC255}.Debug|x64.ActiveCfg = Debug|Any CPU
		{8EC122DA-A1D9-4FDD-998C-1DF6B34EC255}.Debug|x64.Build.0 = Debug|Any CPU
		{8EC122DA-A1D9-4FDD-998C-1DF6B34EC255}.Debug|x86.ActiveCfg = Debug|Any CPU
		{8EC122DA-A1D9-4FDD-998C-1DF6B34EC255}.Debug|x86.Build.0 = Debug|Any CPU
		{8EC122DA-A1D9-4FDD-998C-1DF6B34EC255}.Release|Any CPU.ActiveCfg = Release|Any CPU
		{8EC122DA-A1D9-4FDD-998C-1DF6B34EC255}.Release|Any CPU.Build.0 = Release|Any CPU
		{8EC122DA-A1D9-4FDD-998C-1DF6B34EC255}.Release|x64.ActiveCfg = Release|Any CPU
		{8EC122DA-A1D9-4FDD-998C-1DF6B34EC255}.Release|x64.Build.0 = Release|Any CPU
		{8EC122DA-A1D9-4FDD-998C-1DF6B34EC255}.Release|x86.ActiveCfg = Release|Any CPU
		{8EC122DA-A1D9-4FDD-998C-1DF6B34EC255}.Release|x86.Build.0 = Release|Any CPU
		{E075B703-E9BE-4505-8585-A41F8C0B648E}.Debug|Any CPU.ActiveCfg = Debug|Any CPU
		{E075B703-E9BE-4505-8585-A41F8C0B648E}.Debug|Any CPU.Build.0 = Debug|Any CPU
		{E075B703-E9BE-4505-8585-A41F8C0B648E}.Debug|x64.ActiveCfg = Debug|Any CPU
		{E075B703-E9BE-4505-8585-A41F8C0B648E}.Debug|x64.Build.0 = Debug|Any CPU
		{E075B703-E9BE-4505-8585-A41F8C0B648E}.Debug|x86.ActiveCfg = Debug|Any CPU
		{E075B703-E9BE-4505-8585-A41F8C0B648E}.Debug|x86.Build.0 = Debug|Any CPU
		{E075B703-E9BE-4505-8585-A41F8C0B648E}.Release|Any CPU.ActiveCfg = Release|Any CPU
		{E075B703-E9BE-4505-8585-A41F8C0B648E}.Release|Any CPU.Build.0 = Release|Any CPU
		{E075B703-E9BE-4505-8585-A41F8C0B648E}.Release|x64.ActiveCfg = Release|Any CPU
		{E075B703-E9BE-4505-8585-A41F8C0B648E}.Release|x64.Build.0 = Release|Any CPU
		{E075B703-E9BE-4505-8585-A41F8C0B648E}.Release|x86.ActiveCfg = Release|Any CPU
		{E075B703-E9BE-4505-8585-A41F8C0B648E}.Release|x86.Build.0 = Release|Any CPU
		{B4BFCD13-9307-4A16-A469-D92C7EA40CD8}.Debug|Any CPU.ActiveCfg = Debug|Any CPU
		{B4BFCD13-9307-4A16-A469-D92C7EA40CD8}.Debug|Any CPU.Build.0 = Debug|Any CPU
		{B4BFCD13-9307-4A16-A469-D92C7EA40CD8}.Debug|x64.ActiveCfg = Debug|Any CPU
		{B4BFCD13-9307-4A16-A469-D92C7EA40CD8}.Debug|x64.Build.0 = Debug|Any CPU
		{B4BFCD13-9307-4A16-A469-D92C7EA40CD8}.Debug|x86.ActiveCfg = Debug|Any CPU
		{B4BFCD13-9307-4A16-A469-D92C7EA40CD8}.Debug|x86.Build.0 = Debug|Any CPU
		{B4BFCD13-9307-4A16-A469-D92C7EA40CD8}.Release|Any CPU.ActiveCfg = Release|Any CPU
		{B4BFCD13-9307-4A16-A469-D92C7EA40CD8}.Release|Any CPU.Build.0 = Release|Any CPU
		{B4BFCD13-9307-4A16-A469-D92C7EA40CD8}.Release|x64.ActiveCfg = Release|Any CPU
		{B4BFCD13-9307-4A16-A469-D92C7EA40CD8}.Release|x64.Build.0 = Release|Any CPU
		{B4BFCD13-9307-4A16-A469-D92C7EA40CD8}.Release|x86.ActiveCfg = Release|Any CPU
		{B4BFCD13-9307-4A16-A469-D92C7EA40CD8}.Release|x86.Build.0 = Release|Any CPU
		{187E70EF-3F14-4C36-821C-87DAF28669B5}.Debug|Any CPU.ActiveCfg = Debug|Any CPU
		{187E70EF-3F14-4C36-821C-87DAF28669B5}.Debug|Any CPU.Build.0 = Debug|Any CPU
		{187E70EF-3F14-4C36-821C-87DAF28669B5}.Debug|x64.ActiveCfg = Debug|Any CPU
		{187E70EF-3F14-4C36-821C-87DAF28669B5}.Debug|x64.Build.0 = Debug|Any CPU
		{187E70EF-3F14-4C36-821C-87DAF28669B5}.Debug|x86.ActiveCfg = Debug|Any CPU
		{187E70EF-3F14-4C36-821C-87DAF28669B5}.Debug|x86.Build.0 = Debug|Any CPU
		{187E70EF-3F14-4C36-821C-87DAF28669B5}.Release|Any CPU.ActiveCfg = Release|Any CPU
		{187E70EF-3F14-4C36-821C-87DAF28669B5}.Release|Any CPU.Build.0 = Release|Any CPU
		{187E70EF-3F14-4C36-821C-87DAF28669B5}.Release|x64.ActiveCfg = Release|Any CPU
		{187E70EF-3F14-4C36-821C-87DAF28669B5}.Release|x64.Build.0 = Release|Any CPU
		{187E70EF-3F14-4C36-821C-87DAF28669B5}.Release|x86.ActiveCfg = Release|Any CPU
		{187E70EF-3F14-4C36-821C-87DAF28669B5}.Release|x86.Build.0 = Release|Any CPU
		{998709E2-1AD7-4BE6-8A28-2F4D86F2644B}.Debug|Any CPU.ActiveCfg = Debug|Any CPU
		{998709E2-1AD7-4BE6-8A28-2F4D86F2644B}.Debug|Any CPU.Build.0 = Debug|Any CPU
		{998709E2-1AD7-4BE6-8A28-2F4D86F2644B}.Debug|x64.ActiveCfg = Debug|Any CPU
		{998709E2-1AD7-4BE6-8A28-2F4D86F2644B}.Debug|x64.Build.0 = Debug|Any CPU
		{998709E2-1AD7-4BE6-8A28-2F4D86F2644B}.Debug|x86.ActiveCfg = Debug|Any CPU
		{998709E2-1AD7-4BE6-8A28-2F4D86F2644B}.Debug|x86.Build.0 = Debug|Any CPU
		{998709E2-1AD7-4BE6-8A28-2F4D86F2644B}.Release|Any CPU.ActiveCfg = Release|Any CPU
		{998709E2-1AD7-4BE6-8A28-2F4D86F2644B}.Release|Any CPU.Build.0 = Release|Any CPU
		{998709E2-1AD7-4BE6-8A28-2F4D86F2644B}.Release|x64.ActiveCfg = Release|Any CPU
		{998709E2-1AD7-4BE6-8A28-2F4D86F2644B}.Release|x64.Build.0 = Release|Any CPU
		{998709E2-1AD7-4BE6-8A28-2F4D86F2644B}.Release|x86.ActiveCfg = Release|Any CPU
		{998709E2-1AD7-4BE6-8A28-2F4D86F2644B}.Release|x86.Build.0 = Release|Any CPU
		{B6B62416-6F09-4FA5-A5B0-ADF07E60F88B}.Debug|Any CPU.ActiveCfg = Debug|Any CPU
		{B6B62416-6F09-4FA5-A5B0-ADF07E60F88B}.Debug|Any CPU.Build.0 = Debug|Any CPU
		{B6B62416-6F09-4FA5-A5B0-ADF07E60F88B}.Debug|x64.ActiveCfg = Debug|Any CPU
		{B6B62416-6F09-4FA5-A5B0-ADF07E60F88B}.Debug|x64.Build.0 = Debug|Any CPU
		{B6B62416-6F09-4FA5-A5B0-ADF07E60F88B}.Debug|x86.ActiveCfg = Debug|Any CPU
		{B6B62416-6F09-4FA5-A5B0-ADF07E60F88B}.Debug|x86.Build.0 = Debug|Any CPU
		{B6B62416-6F09-4FA5-A5B0-ADF07E60F88B}.Release|Any CPU.ActiveCfg = Release|Any CPU
		{B6B62416-6F09-4FA5-A5B0-ADF07E60F88B}.Release|Any CPU.Build.0 = Release|Any CPU
		{B6B62416-6F09-4FA5-A5B0-ADF07E60F88B}.Release|x64.ActiveCfg = Release|Any CPU
		{B6B62416-6F09-4FA5-A5B0-ADF07E60F88B}.Release|x64.Build.0 = Release|Any CPU
		{B6B62416-6F09-4FA5-A5B0-ADF07E60F88B}.Release|x86.ActiveCfg = Release|Any CPU
		{B6B62416-6F09-4FA5-A5B0-ADF07E60F88B}.Release|x86.Build.0 = Release|Any CPU
	EndGlobalSection
	GlobalSection(SolutionProperties) = preSolution
		HideSolutionNode = FALSE
	EndGlobalSection
	GlobalSection(NestedProjects) = preSolution
		{36372D81-8EC8-483E-85AE-0921004DA860} = {827E0CD3-B72D-47B6-A68D-7590B98EB39B}
		{1E02401E-9946-47B1-AD58-B4B5B0475862} = {827E0CD3-B72D-47B6-A68D-7590B98EB39B}
		{8EC122DA-A1D9-4FDD-998C-1DF6B34EC255} = {827E0CD3-B72D-47B6-A68D-7590B98EB39B}
		{E075B703-E9BE-4505-8585-A41F8C0B648E} = {827E0CD3-B72D-47B6-A68D-7590B98EB39B}
		{B4BFCD13-9307-4A16-A469-D92C7EA40CD8} = {827E0CD3-B72D-47B6-A68D-7590B98EB39B}
		{187E70EF-3F14-4C36-821C-87DAF28669B5} = {827E0CD3-B72D-47B6-A68D-7590B98EB39B}
		{998709E2-1AD7-4BE6-8A28-2F4D86F2644B} = {827E0CD3-B72D-47B6-A68D-7590B98EB39B}
		{B6B62416-6F09-4FA5-A5B0-ADF07E60F88B} = {827E0CD3-B72D-47B6-A68D-7590B98EB39B}
	EndGlobalSection
EndGlobal
